Microsoft Visual Studio Solution File, Format Version 12.00
# Visual Studio Version 17
VisualStudioVersion = 17.5.2.0
MinimumVisualStudioVersion = 10.0.40219.1
Project("{FAE04EC0-301F-11D3-BF4B-00C04F79EFBC}") = "gestao-livraria", "gestao-livraria.csproj", "{487CD76C-17CF-64A0-ED7D-CD688C05F658}"
EndProject
Global
	GlobalSection(SolutionConfigurationPlatforms) = preSolution
		Debug|Any CPU = Debug|Any CPU
		Release|Any CPU = Release|Any CPU
	EndGlobalSection
	GlobalSection(ProjectConfigurationPlatforms) = postSolution
		{487CD76C-17CF-64A0-ED7D-CD688C05F658}.Debug|Any CPU.ActiveCfg = Debug|Any CPU
		{487CD76C-17CF-64A0-ED7D-CD688C05F658}.Debug|Any CPU.Build.0 = Debug|Any CPU
		{487CD76C-17CF-64A0-ED7D-CD688C05F658}.Release|Any CPU.ActiveCfg = Release|Any CPU
		{487CD76C-17CF-64A0-ED7D-CD688C05F658}.Release|Any CPU.Build.0 = Release|Any CPU
	EndGlobalSection
	GlobalSection(SolutionProperties) = preSolution
		HideSolutionNode = FALSE
	EndGlobalSection
	GlobalSection(ExtensibilityGlobals) = postSolution
		SolutionGuid = {F746D9CA-665A-4DC4-BAAF-889094EB2646}
	EndGlobalSection
EndGlobal
